{
  "name": "wc-toast",
  "version": "1.0.0",
  "lockfileVersion": 1,
  "requires": true,
  "dependencies": {
    "@webcomponents/webcomponentsjs": {
      "version": "1.1.0",
      "resolved": "https://registry.npmjs.org/@webcomponents/webcomponentsjs/-/webcomponentsjs-1.1.0.tgz",
      "integrity": "sha512-7toNyVlrl7vJnY3PU0eXIK1KWq8phfnEe1IwOdCMxkIl/BfUkUB2aaVs45R0LSx1qxHRnkqj0vlGtskUvKkNkA=="
    },
    "lit-element": {
      "version": "1.0.0",
      "resolved": "https://registry.npmjs.org/lit-element/-/lit-element-1.0.0.tgz",
      "integrity": "sha1-APrBpBELTOnFWYJ1QMXKMSTE3xg=",
      "requires": {
        "lit-html": "^0.6.0"
      },
      "dependencies": {
        "lit-html": {
          "version": "0.6.0",
          "resolved": "https://registry.npmjs.org/lit-html/-/lit-html-0.6.0.tgz",
          "integrity": "sha512-H8CmAxZ9kdhiEyrcKNBlFF4pREp5/BKzIPE3EggKISEMT10Ez6WxwR3mzGPUfwgjTX9UQHAzLMtpn4tNkqS5sg=="
        }
      }
    }
  }
}
